
Microsoft Visual Studio Solution File, Format Version 12.00
# Visual Studio Version 17
VisualStudioVersion = 17.0.31903.59
MinimumVisualStudioVersion = 10.0.40219.1
Project("{2150E333-8FDC-42A3-9474-1A3956D46DE8}") = "src", "src", "{2064EA90-3E1E-4C81-8E5D-C14B282B5F5C}"
EndProject
Project("{FAE04EC0-301F-11D3-BF4B-00C04F79EFBC}") = "HelloWorldApi", "src\HelloWorldApi\HelloWorldApi.csproj", "{16FCE66B-322A-43A4-856F-439AB7FCED01}"
EndProject
Global
	GlobalSection(SolutionConfigurationPlatforms) = preSolution
		Debug|Any CPU = Debug|Any CPU
		Release|Any CPU = Release|Any CPU
	EndGlobalSection
	GlobalSection(SolutionProperties) = preSolution
		HideSolutionNode = FALSE
	EndGlobalSection
	GlobalSection(ProjectConfigurationPlatforms) = postSolution
		{16FCE66B-322A-43A4-856F-439AB7FCED01}.Debug|Any CPU.ActiveCfg = Debug|Any CPU
		{16FCE66B-322A-43A4-856F-439AB7FCED01}.Debug|Any CPU.Build.0 = Debug|Any CPU
		{16FCE66B-322A-43A4-856F-439AB7FCED01}.Release|Any CPU.ActiveCfg = Release|Any CPU
		{16FCE66B-322A-43A4-856F-439AB7FCED01}.Release|Any CPU.Build.0 = Release|Any CPU
	EndGlobalSection
	GlobalSection(NestedProjects) = preSolution
		{16FCE66B-322A-43A4-856F-439AB7FCED01} = {2064EA90-3E1E-4C81-8E5D-C14B282B5F5C}
	EndGlobalSection
EndGlobal
