{
  "version": 4,
  "terraform_version": "1.2.8",
  "serial": 4,
  "lineage": "c61d46c2-1a3d-a977-597e-080dbd6af9ae",
  "outputs": {},
  "resources": [
    {
      "mode": "managed",
      "type": "azurerm_container_app",
      "name": "proxy",
      "provider": "provider[\"registry.terraform.io/hashicorp/azurerm\"]",
      "instances": [
        {
          "schema_version": 0,
          "attributes": {
            "container_app_environment_id": "/subscriptions/2e620b8c-ad76-4d1f-a9aa-6a2bd703288a/resourceGroups/nginx-api-proxy/providers/Microsoft.App/managedEnvironments/cae-nginx-api-proxy",
            "custom_domain_verification_id": "B9FD20A8B4A3069F1025391A75E2BB64216A2D99501F48B8EB97A6742A771A0B",
            "dapr": [],
            "id": "/subscriptions/2e620b8c-ad76-4d1f-a9aa-6a2bd703288a/resourceGroups/nginx-api-proxy/providers/Microsoft.App/containerApps/ca-nginx-api-proxy",
            "identity": [],
            "ingress": [
              {
                "allow_insecure_connections": false,
                "custom_domain": [],
                "exposed_port": 0,
                "external_enabled": false,
                "fqdn": "ca-nginx-api-proxy.internal.yellowsky-c87bddc3.centralus.azurecontainerapps.io",
                "ip_security_restriction": [],
                "target_port": 80,
                "traffic_weight": [
                  {
                    "label": "",
                    "latest_revision": true,
                    "percentage": 100,
                    "revision_suffix": ""
                  }
                ],
                "transport": "auto"
              }
            ],
            "latest_revision_fqdn": "ca-nginx-api-proxy--su822jd.internal.yellowsky-c87bddc3.centralus.azurecontainerapps.io",
            "latest_revision_name": "ca-nginx-api-proxy--su822jd",
            "location": "centralus",
            "name": "ca-nginx-api-proxy",
            "outbound_ip_addresses": [
              "52.238.239.154"
            ],
            "registry": [],
            "resource_group_name": "nginx-api-proxy",
            "revision_mode": "Single",
            "secret": [],
            "tags": null,
            "template": [
              {
                "azure_queue_scale_rule": [],
                "container": [
                  {
                    "args": null,
                    "command": null,
                    "cpu": 0.25,
                    "env": [],
                    "ephemeral_storage": "1Gi",
                    "image": "nginx:latest",
                    "liveness_probe": [],
                    "memory": "0.5Gi",
                    "name": "proxy",
                    "readiness_probe": [],
                    "startup_probe": [],
                    "volume_mounts": []
                  }
                ],
                "custom_scale_rule": [],
                "http_scale_rule": [],
                "init_container": [],
                "max_replicas": 1,
                "min_replicas": 1,
                "revision_suffix": "",
                "tcp_scale_rule": [],
                "volume": []
              }
            ],
            "timeouts": null,
            "workload_profile_name": ""
          },
          "sensitive_attributes": [],
          "private": "eyJlMmJmYjczMC1lY2FhLTExZTYtOGY4OC0zNDM2M2JjN2M0YzAiOnsiY3JlYXRlIjoxODAwMDAwMDAwMDAwLCJkZWxldGUiOjE4MDAwMDAwMDAwMDAsInJlYWQiOjMwMDAwMDAwMDAwMCwidXBkYXRlIjoxODAwMDAwMDAwMDAwfX0=",
          "dependencies": [
            "azurerm_container_app_environment.env",
            "azurerm_resource_group.this"
          ]
        }
      ]
    },
    {
      "mode": "managed",
      "type": "azurerm_container_app_environment",
      "name": "env",
      "provider": "provider[\"registry.terraform.io/hashicorp/azurerm\"]",
      "instances": [
        {
          "schema_version": 0,
          "attributes": {
            "custom_domain_verification_id": "B9FD20A8B4A3069F1025391A75E2BB64216A2D99501F48B8EB97A6742A771A0B",
            "dapr_application_insights_connection_string": "",
            "default_domain": "yellowsky-c87bddc3.centralus.azurecontainerapps.io",
            "docker_bridge_cidr": "",
            "id": "/subscriptions/2e620b8c-ad76-4d1f-a9aa-6a2bd703288a/resourceGroups/nginx-api-proxy/providers/Microsoft.App/managedEnvironments/cae-nginx-api-proxy",
            "infrastructure_resource_group_name": "",
            "infrastructure_subnet_id": "",
            "internal_load_balancer_enabled": false,
            "location": "centralus",
            "log_analytics_workspace_id": "",
            "name": "cae-nginx-api-proxy",
            "platform_reserved_cidr": "",
            "platform_reserved_dns_ip_address": "",
            "resource_group_name": "nginx-api-proxy",
            "static_ip_address": "172.169.57.135",
            "tags": null,
            "timeouts": null,
            "workload_profile": [],
            "zone_redundancy_enabled": false
          },
          "sensitive_attributes": [],
          "private": "eyJlMmJmYjczMC1lY2FhLTExZTYtOGY4OC0zNDM2M2JjN2M0YzAiOnsiY3JlYXRlIjoxODAwMDAwMDAwMDAwLCJkZWxldGUiOjE4MDAwMDAwMDAwMDAsInJlYWQiOjMwMDAwMDAwMDAwMCwidXBkYXRlIjoxODAwMDAwMDAwMDAwfX0=",
          "dependencies": [
            "azurerm_resource_group.this"
          ]
        }
      ]
    },
    {
      "mode": "managed",
      "type": "azurerm_resource_group",
      "name": "this",
      "provider": "provider[\"registry.terraform.io/hashicorp/azurerm\"]",
      "instances": [
        {
          "schema_version": 0,
          "attributes": {
            "id": "/subscriptions/2e620b8c-ad76-4d1f-a9aa-6a2bd703288a/resourceGroups/nginx-api-proxy",
            "location": "centralus",
            "managed_by": "",
            "name": "nginx-api-proxy",
            "tags": null,
            "timeouts": null
          },
          "sensitive_attributes": [],
          "private": "eyJlMmJmYjczMC1lY2FhLTExZTYtOGY4OC0zNDM2M2JjN2M0YzAiOnsiY3JlYXRlIjo1NDAwMDAwMDAwMDAwLCJkZWxldGUiOjU0MDAwMDAwMDAwMDAsInJlYWQiOjMwMDAwMDAwMDAwMCwidXBkYXRlIjo1NDAwMDAwMDAwMDAwfX0="
        }
      ]
    }
  ]
}
